<?xml version="1.0" encoding="utf-8"?>
<Project ToolsVersion="4.0" xmlns="http://schemas.microsoft.com/developer/msbuild/2003">
  <ItemGroup>
    <Filter Include="Source Files">
      <UniqueIdentifier>{4FC737F1-C7A5-4376-A066-2A32D752A2FF}</UniqueIdentifier>
      <Extensions>cpp;c;cc;cxx;c++;cppm;ixx;def;odl;idl;hpj;bat;asm;asmx</Extensions>
    </Filter>
    <Filter Include="Header Files">
      <UniqueIdentifier>{93995380-89BD-4b04-88EB-625FBE52EBFB}</UniqueIdentifier>
      <Extensions>h;hh;hpp;hxx;h++;hm;inl;inc;ipp;xsd</Extensions>
    </Filter>
    <Filter Include="Resource Files">
      <UniqueIdentifier>{67DA6AB6-F800-4c08-8B7A-83BB121AAD01}</UniqueIdentifier>
      <Extensions>rc;ico;cur;bmp;dlg;rc2;rct;bin;rgs;gif;jpg;jpeg;jpe;resx;tiff;tif;png;wav;mfcribbon-ms</Extensions>
    </Filter>
  </ItemGroup>
  <ItemGroup>
    <ClCompile Include="Main.cpp">
      <Filter>Source Files</Filter>
    </ClCompile>
    <ClCompile Include="..\DeepQNetworkNative\DeepQ.cpp">
      <Filter>Source Files</Filter>
    </ClCompile>
    <ClCompile Include="..\DeepQNetworkNative\DerivativeFunctions.cpp">
      <Filter>Source Files</Filter>
    </ClCompile>
    <ClCompile Include="..\DeepQNetworkNative\dllmain.cpp">
      <Filter>Source Files</Filter>
    </ClCompile>
    <ClCompile Include="..\DeepQNetworkNative\LayoutDeepQ.cpp">
      <Filter>Source Files</Filter>
    </ClCompile>
    <ClCompile Include="..\DeepQNetworkNative\LayoutNeuralNetwork.cpp">
      <Filter>Source Files</Filter>
    </ClCompile>
    <ClCompile Include="..\DeepQNetworkNative\NeuralNetwork.cpp">
      <Filter>Source Files</Filter>
    </ClCompile>
    <ClCompile Include="..\DeepQNetworkNative\Neuron.cpp">
      <Filter>Source Files</Filter>
    </ClCompile>
    <ClCompile Include="..\DeepQNetworkNative\pch.cpp">
      <Filter>Source Files</Filter>
    </ClCompile>
    <ClCompile Include="..\DeepQNetworkNative\ActivationFunctions.cpp">
      <Filter>Source Files</Filter>
    </ClCompile>
  </ItemGroup>
  <ItemGroup>
    <ClInclude Include="..\DeepQNetworkNative\BufferNode.h">
      <Filter>Source Files</Filter>
    </ClInclude>
    <ClInclude Include="..\DeepQNetworkNative\DeepQ.h">
      <Filter>Source Files</Filter>
    </ClInclude>
    <ClInclude Include="..\DeepQNetworkNative\DEFINED_VARS.h">
      <Filter>Source Files</Filter>
    </ClInclude>
    <ClInclude Include="..\DeepQNetworkNative\DerivativeFunctions.h">
      <Filter>Source Files</Filter>
    </ClInclude>
    <ClInclude Include="..\DeepQNetworkNative\ExperienceContainer.h">
      <Filter>Source Files</Filter>
    </ClInclude>
    <ClInclude Include="..\DeepQNetworkNative\framework.h">
      <Filter>Source Files</Filter>
    </ClInclude>
    <ClInclude Include="..\DeepQNetworkNative\LayoutDeepQ.h">
      <Filter>Source Files</Filter>
    </ClInclude>
    <ClInclude Include="..\DeepQNetworkNative\LayoutNeuralNetwork.h">
      <Filter>Source Files</Filter>
    </ClInclude>
    <ClInclude Include="..\DeepQNetworkNative\NeuralNetwork.h">
      <Filter>Source Files</Filter>
    </ClInclude>
    <ClInclude Include="..\DeepQNetworkNative\Neuron.h">
      <Filter>Source Files</Filter>
    </ClInclude>
    <ClInclude Include="..\DeepQNetworkNative\pch.h">
      <Filter>Source Files</Filter>
    </ClInclude>
    <ClInclude Include="..\DeepQNetworkNative\ActivationFunctions.h">
      <Filter>Source Files</Filter>
    </ClInclude>
    <ClInclude Include="..\DeepQNetworkNative\Buffer.h">
      <Filter>Source Files</Filter>
    </ClInclude>
  </ItemGroup>
  <ItemGroup>
    <None Include="..\DeepQNetworkNative\DeepQNetworkNative.vcxproj">
      <Filter>Source Files</Filter>
    </None>
    <None Include="..\DeepQNetworkNative\DeepQNetworkNative.vcxproj.filters">
      <Filter>Source Files</Filter>
    </None>
    <None Include="..\DeepQNetworkNative\DeepQNetworkNative.vcxproj.user">
      <Filter>Source Files</Filter>
    </None>
  </ItemGroup>
</Project>